{
  "name": "task_management",
  "version": "1.0.0",
  "lockfileVersion": 1,
  "requires": true,
  "dependencies": {
    "@uirouter/angularjs": {
      "version": "1.0.20",
      "resolved": "https://registry.npmjs.org/@uirouter/angularjs/-/angularjs-1.0.20.tgz",
      "integrity": "sha512-fY6bsesTL/tg8gyFHXaIjD1r5b7Ac+SYupodO9OzT4/gKI0YC+uGzLpQESAiXlT3fsxdEPVBzdtAbzXDwCKdEA==",
      "requires": {
        "@uirouter/core": "5.0.21"
      }
    },
    "@uirouter/core": {
      "version": "5.0.21",
      "resolved": "https://registry.npmjs.org/@uirouter/core/-/core-5.0.21.tgz",
      "integrity": "sha512-QWHc0wT00qtYNkT0BXZaFNLLHZyux0qJjF8c2WklW5/Q0Z866NoJjJErEMWjQb/AR+olkR2NlfEEi8KTQU2OpA=="
    },
    "angular": {
      "version": "1.8.0",
      "resolved": "https://registry.npmjs.org/angular/-/angular-1.8.0.tgz",
      "integrity": "sha512-VdaMx+Qk0Skla7B5gw77a8hzlcOakwF8mjlW13DpIWIDlfqwAbSSLfd8N/qZnzEmQF4jC4iofInd3gE7vL8ZZg=="
    },
    "angular-cookies": {
      "version": "1.7.5",
      "resolved": "https://registry.npmjs.org/angular-cookies/-/angular-cookies-1.7.5.tgz",
      "integrity": "sha512-/8xvvSl/Z9Vwu8ChRm+OQE3vmli8Icwl8uTYkHqD7j7cknJP9kNaf7SgsENlsLVtOqLE/I7TCFYrSx3bmSeNQA==",
      "dev": true
    },
    "angular-route": {
      "version": "1.7.5",
      "resolved": "https://registry.npmjs.org/angular-route/-/angular-route-1.7.5.tgz",
      "integrity": "sha512-7KfyEVVOWTI+jTY/j5rUNCIHGRyeCOx7YqZI/Ci3IbDK7GIsy6xH+hS5ai0Xi0sLjzDZ0PUDO4gBn+K0dVtlOg==",
      "dev": true
    },
    "angular-ui-bootstrap": {
      "version": "2.5.6",
      "resolved": "https://registry.npmjs.org/angular-ui-bootstrap/-/angular-ui-bootstrap-2.5.6.tgz",
      "integrity": "sha512-yzcHpPMLQl0232nDzm5P4iAFTFQ9dMw0QgFLuKYbDj9M0xJ62z0oudYD/Lvh1pWfRsukiytP4Xj6BHOSrSXP8A=="
    },
    "bootstrap-material-design": {
      "version": "4.1.1",
      "resolved": "https://registry.npmjs.org/bootstrap-material-design/-/bootstrap-material-design-4.1.1.tgz",
      "integrity": "sha1-h0M9sL9k1qCvsPX6qoYGE0ydJtI="
    }
  }
}
